// !$*UTF8*$!
{
	archiveVersion = 1;
	classes = {
	};
	objectVersion = 50;
	objects = {

/* Begin PBXBuildFile section */
		1321A188916314E08C5E3BC9 /* Pods_CloudDocScannerTests.framework in Frameworks */ = {isa = PBXBuildFile; fileRef = C8B04B3C8D015D63DF862972 /* Pods_CloudDocScannerTests.framework */; };
		2E7C63AA21E1ED5200001221 /* AppDelegate.swift in Sources */ = {isa = PBXBuildFile; fileRef = 2E7C63A921E1ED5200001221 /* AppDelegate.swift */; };
		2E7C63AC21E1ED5200001221 /* ViewController.swift in Sources */ = {isa = PBXBuildFile; fileRef = 2E7C63AB21E1ED5200001221 /* ViewController.swift */; };
		2E7C63AF21E1ED5200001221 /* Main.storyboard in Resources */ = {isa = PBXBuildFile; fileRef = 2E7C63AD21E1ED5200001221 /* Main.storyboard */; };
		2E7C63B121E1ED5400001221 /* Assets.xcassets in Resources */ = {isa = PBXBuildFile; fileRef = 2E7C63B021E1ED5400001221 /* Assets.xcassets */; };
		2E7C63B421E1ED5400001221 /* LaunchScreen.storyboard in Resources */ = {isa = PBXBuildFile; fileRef = 2E7C63B221E1ED5400001221 /* LaunchScreen.storyboard */; };
		2E7C63BF21E1ED5400001221 /* CloudDocScannerTests.swift in Sources */ = {isa = PBXBuildFile; fileRef = 2E7C63BE21E1ED5400001221 /* CloudDocScannerTests.swift */; };
		2E7C63CA21E1ED5400001221 /* CloudDocScannerUITests.swift in Sources */ = {isa = PBXBuildFile; fileRef = 2E7C63C921E1ED5400001221 /* CloudDocScannerUITests.swift */; };
		383FC94B21E1FE55007B6721 /* MainScreenViewController.swift in Sources */ = {isa = PBXBuildFile; fileRef = 383FC94A21E1FE55007B6721 /* MainScreenViewController.swift */; };
		383FC94D21E20B0C007B6721 /* SettingsScreenViewController.swift in Sources */ = {isa = PBXBuildFile; fileRef = 383FC94C21E20B0C007B6721 /* SettingsScreenViewController.swift */; };
		383FC94F21E22192007B6721 /* RecentTableView.swift in Sources */ = {isa = PBXBuildFile; fileRef = 383FC94E21E22192007B6721 /* RecentTableView.swift */; };
		383FC95121E22473007B6721 /* AllScanTableView.swift in Sources */ = {isa = PBXBuildFile; fileRef = 383FC95021E22473007B6721 /* AllScanTableView.swift */; };
		3886C48D21E6850B009B52C5 /* OpenSans-Regular.ttf in Resources */ = {isa = PBXBuildFile; fileRef = 3886C48C21E6850B009B52C5 /* OpenSans-Regular.ttf */; };
		3886C48F21E76451009B52C5 /* PreferencesViewController.swift in Sources */ = {isa = PBXBuildFile; fileRef = 3886C48E21E76451009B52C5 /* PreferencesViewController.swift */; };
		940FDF4DADE22562AAEDF1B8 /* Pods_CloudDocScannerUITests.framework in Frameworks */ = {isa = PBXBuildFile; fileRef = 98685AB2F769E1568D5C78E5 /* Pods_CloudDocScannerUITests.framework */; };
		FAB4E2C5DB026222257CB906 /* Pods_CloudDocScanner.framework in Frameworks */ = {isa = PBXBuildFile; fileRef = C35D2B0B79B6F302A0FB4E0C /* Pods_CloudDocScanner.framework */; };
/* End PBXBuildFile section */

/* Begin PBXContainerItemProxy section */
		2E7C63BB21E1ED5400001221 /* PBXContainerItemProxy */ = {
			isa = PBXContainerItemProxy;
			containerPortal = 2E7C639E21E1ED5200001221 /* Project object */;
			proxyType = 1;
			remoteGlobalIDString = 2E7C63A521E1ED5200001221;
			remoteInfo = CloudDocScanner;
		};
		2E7C63C621E1ED5400001221 /* PBXContainerItemProxy */ = {
			isa = PBXContainerItemProxy;
			containerPortal = 2E7C639E21E1ED5200001221 /* Project object */;
			proxyType = 1;
			remoteGlobalIDString = 2E7C63A521E1ED5200001221;
			remoteInfo = CloudDocScanner;
		};
/* End PBXContainerItemProxy section */

/* Begin PBXFileReference section */
		03CF2DD070CB008E8EE7D788 /* Pods-CloudDocScanner.release.xcconfig */ = {isa = PBXFileReference; includeInIndex = 1; lastKnownFileType = text.xcconfig; name = "Pods-CloudDocScanner.release.xcconfig"; path = "Pods/Target Support Files/Pods-CloudDocScanner/Pods-CloudDocScanner.release.xcconfig"; sourceTree = "<group>"; };
		2E7C63A621E1ED5200001221 /* CloudDocScanner.app */ = {isa = PBXFileReference; explicitFileType = wrapper.application; includeInIndex = 0; path = CloudDocScanner.app; sourceTree = BUILT_PRODUCTS_DIR; };
		2E7C63A921E1ED5200001221 /* AppDelegate.swift */ = {isa = PBXFileReference; lastKnownFileType = sourcecode.swift; path = AppDelegate.swift; sourceTree = "<group>"; };
		2E7C63AB21E1ED5200001221 /* ViewController.swift */ = {isa = PBXFileReference; lastKnownFileType = sourcecode.swift; path = ViewController.swift; sourceTree = "<group>"; };
		2E7C63AE21E1ED5200001221 /* Base */ = {isa = PBXFileReference; lastKnownFileType = file.storyboard; name = Base; path = Base.lproj/Main.storyboard; sourceTree = "<group>"; };
		2E7C63B021E1ED5400001221 /* Assets.xcassets */ = {isa = PBXFileReference; lastKnownFileType = folder.assetcatalog; path = Assets.xcassets; sourceTree = "<group>"; };
		2E7C63B321E1ED5400001221 /* Base */ = {isa = PBXFileReference; lastKnownFileType = file.storyboard; name = Base; path = Base.lproj/LaunchScreen.storyboard; sourceTree = "<group>"; };
		2E7C63B521E1ED5400001221 /* Info.plist */ = {isa = PBXFileReference; lastKnownFileType = text.plist.xml; path = Info.plist; sourceTree = "<group>"; };
		2E7C63BA21E1ED5400001221 /* CloudDocScannerTests.xctest */ = {isa = PBXFileReference; explicitFileType = wrapper.cfbundle; includeInIndex = 0; path = CloudDocScannerTests.xctest; sourceTree = BUILT_PRODUCTS_DIR; };
		2E7C63BE21E1ED5400001221 /* CloudDocScannerTests.swift */ = {isa = PBXFileReference; lastKnownFileType = sourcecode.swift; path = CloudDocScannerTests.swift; sourceTree = "<group>"; };
		2E7C63C021E1ED5400001221 /* Info.plist */ = {isa = PBXFileReference; lastKnownFileType = text.plist.xml; path = Info.plist; sourceTree = "<group>"; };
		2E7C63C521E1ED5400001221 /* CloudDocScannerUITests.xctest */ = {isa = PBXFileReference; explicitFileType = wrapper.cfbundle; includeInIndex = 0; path = CloudDocScannerUITests.xctest; sourceTree = BUILT_PRODUCTS_DIR; };
		2E7C63C921E1ED5400001221 /* CloudDocScannerUITests.swift */ = {isa = PBXFileReference; lastKnownFileType = sourcecode.swift; path = CloudDocScannerUITests.swift; sourceTree = "<group>"; };
		2E7C63CB21E1ED5400001221 /* Info.plist */ = {isa = PBXFileReference; lastKnownFileType = text.plist.xml; path = Info.plist; sourceTree = "<group>"; };
		383FC94A21E1FE55007B6721 /* MainScreenViewController.swift */ = {isa = PBXFileReference; lastKnownFileType = sourcecode.swift; path = MainScreenViewController.swift; sourceTree = "<group>"; };
		383FC94C21E20B0C007B6721 /* SettingsScreenViewController.swift */ = {isa = PBXFileReference; lastKnownFileType = sourcecode.swift; path = SettingsScreenViewController.swift; sourceTree = "<group>"; };
		383FC94E21E22192007B6721 /* RecentTableView.swift */ = {isa = PBXFileReference; lastKnownFileType = sourcecode.swift; path = RecentTableView.swift; sourceTree = "<group>"; };
		383FC95021E22473007B6721 /* AllScanTableView.swift */ = {isa = PBXFileReference; lastKnownFileType = sourcecode.swift; path = AllScanTableView.swift; sourceTree = "<group>"; };
		3886C48C21E6850B009B52C5 /* OpenSans-Regular.ttf */ = {isa = PBXFileReference; lastKnownFileType = file; path = "OpenSans-Regular.ttf"; sourceTree = "<group>"; };
		3886C48E21E76451009B52C5 /* PreferencesViewController.swift */ = {isa = PBXFileReference; lastKnownFileType = sourcecode.swift; path = PreferencesViewController.swift; sourceTree = "<group>"; };
		3E1E4614B674358200DCD94B /* Pods-CloudDocScanner.debug.xcconfig */ = {isa = PBXFileReference; includeInIndex = 1; lastKnownFileType = text.xcconfig; name = "Pods-CloudDocScanner.debug.xcconfig"; path = "Pods/Target Support Files/Pods-CloudDocScanner/Pods-CloudDocScanner.debug.xcconfig"; sourceTree = "<group>"; };
		621FE400963687CBD435DC54 /* Pods-CloudDocScannerUITests.release.xcconfig */ = {isa = PBXFileReference; includeInIndex = 1; lastKnownFileType = text.xcconfig; name = "Pods-CloudDocScannerUITests.release.xcconfig"; path = "Pods/Target Support Files/Pods-CloudDocScannerUITests/Pods-CloudDocScannerUITests.release.xcconfig"; sourceTree = "<group>"; };
		8549395FAADAEF8FAF2BCD8D /* Pods-CloudDocScannerTests.release.xcconfig */ = {isa = PBXFileReference; includeInIndex = 1; lastKnownFileType = text.xcconfig; name = "Pods-CloudDocScannerTests.release.xcconfig"; path = "Pods/Target Support Files/Pods-CloudDocScannerTests/Pods-CloudDocScannerTests.release.xcconfig"; sourceTree = "<group>"; };
		98685AB2F769E1568D5C78E5 /* Pods_CloudDocScannerUITests.framework */ = {isa = PBXFileReference; explicitFileType = wrapper.framework; includeInIndex = 0; path = Pods_CloudDocScannerUITests.framework; sourceTree = BUILT_PRODUCTS_DIR; };
		A5F362443943DD70A12FB2FE /* Pods-CloudDocScannerTests.debug.xcconfig */ = {isa = PBXFileReference; includeInIndex = 1; lastKnownFileType = text.xcconfig; name = "Pods-CloudDocScannerTests.debug.xcconfig"; path = "Pods/Target Support Files/Pods-CloudDocScannerTests/Pods-CloudDocScannerTests.debug.xcconfig"; sourceTree = "<group>"; };
		AC81B66095D513AB69B3F864 /* Pods-CloudDocScannerUITests.debug.xcconfig */ = {isa = PBXFileReference; includeInIndex = 1; lastKnownFileType = text.xcconfig; name = "Pods-CloudDocScannerUITests.debug.xcconfig"; path = "Pods/Target Support Files/Pods-CloudDocScannerUITests/Pods-CloudDocScannerUITests.debug.xcconfig"; sourceTree = "<group>"; };
		C35D2B0B79B6F302A0FB4E0C /* Pods_CloudDocScanner.framework */ = {isa = PBXFileReference; explicitFileType = wrapper.framework; includeInIndex = 0; path = Pods_CloudDocScanner.framework; sourceTree = BUILT_PRODUCTS_DIR; };
		C8B04B3C8D015D63DF862972 /* Pods_CloudDocScannerTests.framework */ = {isa = PBXFileReference; explicitFileType = wrapper.framework; includeInIndex = 0; path = Pods_CloudDocScannerTests.framework; sourceTree = BUILT_PRODUCTS_DIR; };
/* End PBXFileReference section */

/* Begin PBXFrameworksBuildPhase section */
		2E7C63A321E1ED5200001221 /* Frameworks */ = {
			isa = PBXFrameworksBuildPhase;
			buildActionMask = 2147483647;
			files = (
				FAB4E2C5DB026222257CB906 /* Pods_CloudDocScanner.framework in Frameworks */,
			);
			runOnlyForDeploymentPostprocessing = 0;
		};
		2E7C63B721E1ED5400001221 /* Frameworks */ = {
			isa = PBXFrameworksBuildPhase;
			buildActionMask = 2147483647;
			files = (
				1321A188916314E08C5E3BC9 /* Pods_CloudDocScannerTests.framework in Frameworks */,
			);
			runOnlyForDeploymentPostprocessing = 0;
		};
		2E7C63C221E1ED5400001221 /* Frameworks */ = {
			isa = PBXFrameworksBuildPhase;
			buildActionMask = 2147483647;
			files = (
				940FDF4DADE22562AAEDF1B8 /* Pods_CloudDocScannerUITests.framework in Frameworks */,
			);
			runOnlyForDeploymentPostprocessing = 0;
		};
/* End PBXFrameworksBuildPhase section */

/* Begin PBXGroup section */
		1A8B68E41F121732B96788D6 /* Frameworks */ = {
			isa = PBXGroup;
			children = (
				C35D2B0B79B6F302A0FB4E0C /* Pods_CloudDocScanner.framework */,
				C8B04B3C8D015D63DF862972 /* Pods_CloudDocScannerTests.framework */,
				98685AB2F769E1568D5C78E5 /* Pods_CloudDocScannerUITests.framework */,
			);
			name = Frameworks;
			sourceTree = "<group>";
		};
		2E7C639D21E1ED5200001221 = {
			isa = PBXGroup;
			children = (
				2E7C63A821E1ED5200001221 /* CloudDocScanner */,
				2E7C63BD21E1ED5400001221 /* CloudDocScannerTests */,
				2E7C63C821E1ED5400001221 /* CloudDocScannerUITests */,
				2E7C63A721E1ED5200001221 /* Products */,
				3283C2DF9666B1BC8E24E0EB /* Pods */,
				1A8B68E41F121732B96788D6 /* Frameworks */,
			);
			sourceTree = "<group>";
		};
		2E7C63A721E1ED5200001221 /* Products */ = {
			isa = PBXGroup;
			children = (
				2E7C63A621E1ED5200001221 /* CloudDocScanner.app */,
				2E7C63BA21E1ED5400001221 /* CloudDocScannerTests.xctest */,
				2E7C63C521E1ED5400001221 /* CloudDocScannerUITests.xctest */,
			);
			name = Products;
			sourceTree = "<group>";
		};
		2E7C63A821E1ED5200001221 /* CloudDocScanner */ = {
			isa = PBXGroup;
			children = (
				3886C48B21E68496009B52C5 /* Fonts */,
				2E7C63A921E1ED5200001221 /* AppDelegate.swift */,
				2E7C63AB21E1ED5200001221 /* ViewController.swift */,
				2E7C63AD21E1ED5200001221 /* Main.storyboard */,
				383FC94C21E20B0C007B6721 /* SettingsScreenViewController.swift */,
				3886C48E21E76451009B52C5 /* PreferencesViewController.swift */,
				2E7C63B021E1ED5400001221 /* Assets.xcassets */,
				2E7C63B221E1ED5400001221 /* LaunchScreen.storyboard */,
				2E7C63B521E1ED5400001221 /* Info.plist */,
				383FC94A21E1FE55007B6721 /* MainScreenViewController.swift */,
				383FC94E21E22192007B6721 /* RecentTableView.swift */,
				383FC95021E22473007B6721 /* AllScanTableView.swift */,
			);
			path = CloudDocScanner;
			sourceTree = "<group>";
		};
		2E7C63BD21E1ED5400001221 /* CloudDocScannerTests */ = {
			isa = PBXGroup;
			children = (
				2E7C63BE21E1ED5400001221 /* CloudDocScannerTests.swift */,
				2E7C63C021E1ED5400001221 /* Info.plist */,
			);
			path = CloudDocScannerTests;
			sourceTree = "<group>";
		};
		2E7C63C821E1ED5400001221 /* CloudDocScannerUITests */ = {
			isa = PBXGroup;
			children = (
				2E7C63C921E1ED5400001221 /* CloudDocScannerUITests.swift */,
				2E7C63CB21E1ED5400001221 /* Info.plist */,
			);
			path = CloudDocScannerUITests;
			sourceTree = "<group>";
		};
		3283C2DF9666B1BC8E24E0EB /* Pods */ = {
			isa = PBXGroup;
			children = (
				3E1E4614B674358200DCD94B /* Pods-CloudDocScanner.debug.xcconfig */,
				03CF2DD070CB008E8EE7D788 /* Pods-CloudDocScanner.release.xcconfig */,
				A5F362443943DD70A12FB2FE /* Pods-CloudDocScannerTests.debug.xcconfig */,
				8549395FAADAEF8FAF2BCD8D /* Pods-CloudDocScannerTests.release.xcconfig */,
				AC81B66095D513AB69B3F864 /* Pods-CloudDocScannerUITests.debug.xcconfig */,
				621FE400963687CBD435DC54 /* Pods-CloudDocScannerUITests.release.xcconfig */,
			);
			name = Pods;
			sourceTree = "<group>";
		};
		3886C48B21E68496009B52C5 /* Fonts */ = {
			isa = PBXGroup;
			children = (
				3886C48C21E6850B009B52C5 /* OpenSans-Regular.ttf */,
			);
			path = Fonts;
			sourceTree = "<group>";
		};
/* End PBXGroup section */

/* Begin PBXNativeTarget section */
		2E7C63A521E1ED5200001221 /* CloudDocScanner */ = {
			isa = PBXNativeTarget;
			buildConfigurationList = 2E7C63CE21E1ED5400001221 /* Build configuration list for PBXNativeTarget "CloudDocScanner" */;
			buildPhases = (
				87790AA4FCF28F64E6C0DD2F /* [CP] Check Pods Manifest.lock */,
				2E7C63A221E1ED5200001221 /* Sources */,
				2E7C63A321E1ED5200001221 /* Frameworks */,
				2E7C63A421E1ED5200001221 /* Resources */,
			);
			buildRules = (
			);
			dependencies = (
			);
			name = CloudDocScanner;
			productName = CloudDocScanner;
			productReference = 2E7C63A621E1ED5200001221 /* CloudDocScanner.app */;
			productType = "com.apple.product-type.application";
		};
		2E7C63B921E1ED5400001221 /* CloudDocScannerTests */ = {
			isa = PBXNativeTarget;
			buildConfigurationList = 2E7C63D121E1ED5400001221 /* Build configuration list for PBXNativeTarget "CloudDocScannerTests" */;
			buildPhases = (
				B625372F452516C1CDA75576 /* [CP] Check Pods Manifest.lock */,
				2E7C63B621E1ED5400001221 /* Sources */,
				2E7C63B721E1ED5400001221 /* Frameworks */,
				2E7C63B821E1ED5400001221 /* Resources */,
			);
			buildRules = (
			);
			dependencies = (
				2E7C63BC21E1ED5400001221 /* PBXTargetDependency */,
			);
			name = CloudDocScannerTests;
			productName = CloudDocScannerTests;
			productReference = 2E7C63BA21E1ED5400001221 /* CloudDocScannerTests.xctest */;
			productType = "com.apple.product-type.bundle.unit-test";
		};
		2E7C63C421E1ED5400001221 /* CloudDocScannerUITests */ = {
			isa = PBXNativeTarget;
			buildConfigurationList = 2E7C63D421E1ED5400001221 /* Build configuration list for PBXNativeTarget "CloudDocScannerUITests" */;
			buildPhases = (
				C3890B075A36ADAA2D7603FF /* [CP] Check Pods Manifest.lock */,
				2E7C63C121E1ED5400001221 /* Sources */,
				2E7C63C221E1ED5400001221 /* Frameworks */,
				2E7C63C321E1ED5400001221 /* Resources */,
			);
			buildRules = (
			);
			dependencies = (
				2E7C63C721E1ED5400001221 /* PBXTargetDependency */,
			);
			name = CloudDocScannerUITests;
			productName = CloudDocScannerUITests;
			productReference = 2E7C63C521E1ED5400001221 /* CloudDocScannerUITests.xctest */;
			productType = "com.apple.product-type.bundle.ui-testing";
		};
/* End PBXNativeTarget section */

/* Begin PBXProject section */
		2E7C639E21E1ED5200001221 /* Project object */ = {
			isa = PBXProject;
			attributes = {
				LastSwiftUpdateCheck = 1010;
				LastUpgradeCheck = 1010;
				ORGANIZATIONNAME = Madduck;
				TargetAttributes = {
					2E7C63A521E1ED5200001221 = {
						CreatedOnToolsVersion = 10.1;
					};
					2E7C63B921E1ED5400001221 = {
						CreatedOnToolsVersion = 10.1;
						TestTargetID = 2E7C63A521E1ED5200001221;
					};
					2E7C63C421E1ED5400001221 = {
						CreatedOnToolsVersion = 10.1;
						TestTargetID = 2E7C63A521E1ED5200001221;
					};
				};
			};
			buildConfigurationList = 2E7C63A121E1ED5200001221 /* Build configuration list for PBXProject "CloudDocScanner" */;
			compatibilityVersion = "Xcode 9.3";
			developmentRegion = en;
			hasScannedForEncodings = 0;
			knownRegions = (
				en,
				Base,
			);
			mainGroup = 2E7C639D21E1ED5200001221;
			productRefGroup = 2E7C63A721E1ED5200001221 /* Products */;
			projectDirPath = "";
			projectRoot = "";
			targets = (
				2E7C63A521E1ED5200001221 /* CloudDocScanner */,
				2E7C63B921E1ED5400001221 /* CloudDocScannerTests */,
				2E7C63C421E1ED5400001221 /* CloudDocScannerUITests */,
			);
		};
/* End PBXProject section */

/* Begin PBXResourcesBuildPhase section */
		2E7C63A421E1ED5200001221 /* Resources */ = {
			isa = PBXResourcesBuildPhase;
			buildActionMask = 2147483647;
			files = (
				2E7C63B421E1ED5400001221 /* LaunchScreen.storyboard in Resources */,
				2E7C63B121E1ED5400001221 /* Assets.xcassets in Resources */,
				3886C48D21E6850B009B52C5 /* OpenSans-Regular.ttf in Resources */,
				2E7C63AF21E1ED5200001221 /* Main.storyboard in Resources */,
			);
			runOnlyForDeploymentPostprocessing = 0;
		};
		2E7C63B821E1ED5400001221 /* Resources */ = {
			isa = PBXResourcesBuildPhase;
			buildActionMask = 2147483647;
			files = (
			);
			runOnlyForDeploymentPostprocessing = 0;
		};
		2E7C63C321E1ED5400001221 /* Resources */ = {
			isa = PBXResourcesBuildPhase;
			buildActionMask = 2147483647;
			files = (
			);
			runOnlyForDeploymentPostprocessing = 0;
		};
/* End PBXResourcesBuildPhase section */

/* Begin PBXShellScriptBuildPhase section */
		87790AA4FCF28F64E6C0DD2F /* [CP] Check Pods Manifest.lock */ = {
			isa = PBXShellScriptBuildPhase;
			buildActionMask = 2147483647;
			files = (
			);
			inputFileListPaths = (
			);
			inputPaths = (
				"${PODS_PODFILE_DIR_PATH}/Podfile.lock",
				"${PODS_ROOT}/Manifest.lock",
			);
			name = "[CP] Check Pods Manifest.lock";
			outputFileListPaths = (
			);
			outputPaths = (
				"$(DERIVED_FILE_DIR)/Pods-CloudDocScanner-checkManifestLockResult.txt",
			);
			runOnlyForDeploymentPostprocessing = 0;
			shellPath = /bin/sh;
			shellScript = "diff \"${PODS_PODFILE_DIR_PATH}/Podfile.lock\" \"${PODS_ROOT}/Manifest.lock\" > /dev/null\nif [ $? != 0 ] ; then\n    # print error to STDERR\n    echo \"error: The sandbox is not in sync with the Podfile.lock. Run 'pod install' or update your CocoaPods installation.\" >&2\n    exit 1\nfi\n# This output is used by Xcode 'outputs' to avoid re-running this script phase.\necho \"SUCCESS\" > \"${SCRIPT_OUTPUT_FILE_0}\"\n";
			showEnvVarsInLog = 0;
		};
		B625372F452516C1CDA75576 /* [CP] Check Pods Manifest.lock */ = {
			isa = PBXShellScriptBuildPhase;
			buildActionMask = 2147483647;
			files = (
			);
			inputFileListPaths = (
			);
			inputPaths = (
				"${PODS_PODFILE_DIR_PATH}/Podfile.lock",
				"${PODS_ROOT}/Manifest.lock",
			);
			name = "[CP] Check Pods Manifest.lock";
			outputFileListPaths = (
			);
			outputPaths = (
				"$(DERIVED_FILE_DIR)/Pods-CloudDocScannerTests-checkManifestLockResult.txt",
			);
			runOnlyForDeploymentPostprocessing = 0;
			shellPath = /bin/sh;
			shellScript = "diff \"${PODS_PODFILE_DIR_PATH}/Podfile.lock\" \"${PODS_ROOT}/Manifest.lock\" > /dev/null\nif [ $? != 0 ] ; then\n    # print error to STDERR\n    echo \"error: The sandbox is not in sync with the Podfile.lock. Run 'pod install' or update your CocoaPods installation.\" >&2\n    exit 1\nfi\n# This output is used by Xcode 'outputs' to avoid re-running this script phase.\necho \"SUCCESS\" > \"${SCRIPT_OUTPUT_FILE_0}\"\n";
			showEnvVarsInLog = 0;
		};
		C3890B075A36ADAA2D7603FF /* [CP] Check Pods Manifest.lock */ = {
			isa = PBXShellScriptBuildPhase;
			buildActionMask = 2147483647;
			files = (
			);
			inputFileListPaths = (
			);
			inputPaths = (
				"${PODS_PODFILE_DIR_PATH}/Podfile.lock",
				"${PODS_ROOT}/Manifest.lock",
			);
			name = "[CP] Check Pods Manifest.lock";
			outputFileListPaths = (
			);
			outputPaths = (
				"$(DERIVED_FILE_DIR)/Pods-CloudDocScannerUITests-checkManifestLockResult.txt",
			);
			runOnlyForDeploymentPostprocessing = 0;
			shellPath = /bin/sh;
			shellScript = "diff \"${PODS_PODFILE_DIR_PATH}/Podfile.lock\" \"${PODS_ROOT}/Manifest.lock\" > /dev/null\nif [ $? != 0 ] ; then\n    # print error to STDERR\n    echo \"error: The sandbox is not in sync with the Podfile.lock. Run 'pod install' or update your CocoaPods installation.\" >&2\n    exit 1\nfi\n# This output is used by Xcode 'outputs' to avoid re-running this script phase.\necho \"SUCCESS\" > \"${SCRIPT_OUTPUT_FILE_0}\"\n";
			showEnvVarsInLog = 0;
		};
/* End PBXShellScriptBuildPhase section */

/* Begin PBXSourcesBuildPhase section */
		2E7C63A221E1ED5200001221 /* Sources */ = {
			isa = PBXSourcesBuildPhase;
			buildActionMask = 2147483647;
			files = (
				2E7C63AC21E1ED5200001221 /* ViewController.swift in Sources */,
				383FC94D21E20B0C007B6721 /* SettingsScreenViewController.swift in Sources */,
				2E7C63AA21E1ED5200001221 /* AppDelegate.swift in Sources */,
				383FC94F21E22192007B6721 /* RecentTableView.swift in Sources */,
				383FC95121E22473007B6721 /* AllScanTableView.swift in Sources */,
				3886C48F21E76451009B52C5 /* PreferencesViewController.swift in Sources */,
				383FC94B21E1FE55007B6721 /* MainScreenViewController.swift in Sources */,
			);
			runOnlyForDeploymentPostprocessing = 0;
		};
		2E7C63B621E1ED5400001221 /* Sources */ = {
			isa = PBXSourcesBuildPhase;
			buildActionMask = 2147483647;
			files = (
				2E7C63BF21E1ED5400001221 /* CloudDocScannerTests.swift in Sources */,
			);
			runOnlyForDeploymentPostprocessing = 0;
		};
		2E7C63C121E1ED5400001221 /* Sources */ = {
			isa = PBXSourcesBuildPhase;
			buildActionMask = 2147483647;
			files = (
				2E7C63CA21E1ED5400001221 /* CloudDocScannerUITests.swift in Sources */,
			);
			runOnlyForDeploymentPostprocessing = 0;
		};
/* End PBXSourcesBuildPhase section */

/* Begin PBXTargetDependency section */
		2E7C63BC21E1ED5400001221 /* PBXTargetDependency */ = {
			isa = PBXTargetDependency;
			target = 2E7C63A521E1ED5200001221 /* CloudDocScanner */;
			targetProxy = 2E7C63BB21E1ED5400001221 /* PBXContainerItemProxy */;
		};
		2E7C63C721E1ED5400001221 /* PBXTargetDependency */ = {
			isa = PBXTargetDependency;
			target = 2E7C63A521E1ED5200001221 /* CloudDocScanner */;
			targetProxy = 2E7C63C621E1ED5400001221 /* PBXContainerItemProxy */;
		};
/* End PBXTargetDependency section */

/* Begin PBXVariantGroup section */
		2E7C63AD21E1ED5200001221 /* Main.storyboard */ = {
			isa = PBXVariantGroup;
			children = (
				2E7C63AE21E1ED5200001221 /* Base */,
			);
			name = Main.storyboard;
			sourceTree = "<group>";
		};
		2E7C63B221E1ED5400001221 /* LaunchScreen.storyboard */ = {
			isa = PBXVariantGroup;
			children = (
				2E7C63B321E1ED5400001221 /* Base */,
			);
			name = LaunchScreen.storyboard;
			sourceTree = "<group>";
		};
/* End PBXVariantGroup section */

/* Begin XCBuildConfiguration section */
		2E7C63CC21E1ED5400001221 /* Debug */ = {
			isa = XCBuildConfiguration;
			buildSettings = {
				ALWAYS_SEARCH_USER_PATHS = NO;
				CLANG_ANALYZER_NONNULL = YES;
				CLANG_ANALYZER_NUMBER_OBJECT_CONVERSION = YES_AGGRESSIVE;
				CLANG_CXX_LANGUAGE_STANDARD = "gnu++14";
				CLANG_CXX_LIBRARY = "libc++";
				CLANG_ENABLE_MODULES = YES;
				CLANG_ENABLE_OBJC_ARC = YES;
				CLANG_ENABLE_OBJC_WEAK = YES;
				CLANG_WARN_BLOCK_CAPTURE_AUTORELEASING = YES;
				CLANG_WARN_BOOL_CONVERSION = YES;
				CLANG_WARN_COMMA = YES;
				CLANG_WARN_CONSTANT_CONVERSION = YES;
				CLANG_WARN_DEPRECATED_OBJC_IMPLEMENTATIONS = YES;
				CLANG_WARN_DIRECT_OBJC_ISA_USAGE = YES_ERROR;
				CLANG_WARN_DOCUMENTATION_COMMENTS = YES;
				CLANG_WARN_EMPTY_BODY = YES;
				CLANG_WARN_ENUM_CONVERSION = YES;
				CLANG_WARN_INFINITE_RECURSION = YES;
				CLANG_WARN_INT_CONVERSION = YES;
				CLANG_WARN_NON_LITERAL_NULL_CONVERSION = YES;
				CLANG_WARN_OBJC_IMPLICIT_RETAIN_SELF = YES;
				CLANG_WARN_OBJC_LITERAL_CONVERSION = YES;
				CLANG_WARN_OBJC_ROOT_CLASS = YES_ERROR;
				CLANG_WARN_RANGE_LOOP_ANALYSIS = YES;
				CLANG_WARN_STRICT_PROTOTYPES = YES;
				CLANG_WARN_SUSPICIOUS_MOVE = YES;
				CLANG_WARN_UNGUARDED_AVAILABILITY = YES_AGGRESSIVE;
				CLANG_WARN_UNREACHABLE_CODE = YES;
				CLANG_WARN__DUPLICATE_METHOD_MATCH = YES;
				CODE_SIGN_IDENTITY = "iPhone Developer";
				COPY_PHASE_STRIP = NO;
				DEBUG_INFORMATION_FORMAT = dwarf;
				ENABLE_STRICT_OBJC_MSGSEND = YES;
				ENABLE_TESTABILITY = YES;
				GCC_C_LANGUAGE_STANDARD = gnu11;
				GCC_DYNAMIC_NO_PIC = NO;
				GCC_NO_COMMON_BLOCKS = YES;
				GCC_OPTIMIZATION_LEVEL = 0;
				GCC_PREPROCESSOR_DEFINITIONS = (
					"DEBUG=1",
					"$(inherited)",
				);
				GCC_WARN_64_TO_32_BIT_CONVERSION = YES;
				GCC_WARN_ABOUT_RETURN_TYPE = YES_ERROR;
				GCC_WARN_UNDECLARED_SELECTOR = YES;
				GCC_WARN_UNINITIALIZED_AUTOS = YES_AGGRESSIVE;
				GCC_WARN_UNUSED_FUNCTION = YES;
				GCC_WARN_UNUSED_VARIABLE = YES;
				IPHONEOS_DEPLOYMENT_TARGET = 12.1;
				MTL_ENABLE_DEBUG_INFO = INCLUDE_SOURCE;
				MTL_FAST_MATH = YES;
				ONLY_ACTIVE_ARCH = YES;
				SDKROOT = iphoneos;
				SWIFT_ACTIVE_COMPILATION_CONDITIONS = DEBUG;
				SWIFT_OPTIMIZATION_LEVEL = "-Onone";
			};
			name = Debug;
		};
		2E7C63CD21E1ED5400001221 /* Release */ = {
			isa = XCBuildConfiguration;
			buildSettings = {
				ALWAYS_SEARCH_USER_PATHS = NO;
				CLANG_ANALYZER_NONNULL = YES;
				CLANG_ANALYZER_NUMBER_OBJECT_CONVERSION = YES_AGGRESSIVE;
				CLANG_CXX_LANGUAGE_STANDARD = "gnu++14";
				CLANG_CXX_LIBRARY = "libc++";
				CLANG_ENABLE_MODULES = YES;
				CLANG_ENABLE_OBJC_ARC = YES;
				CLANG_ENABLE_OBJC_WEAK = YES;
				CLANG_WARN_BLOCK_CAPTURE_AUTORELEASING = YES;
				CLANG_WARN_BOOL_CONVERSION = YES;
				CLANG_WARN_COMMA = YES;
				CLANG_WARN_CONSTANT_CONVERSION = YES;
				CLANG_WARN_DEPRECATED_OBJC_IMPLEMENTATIONS = YES;
				CLANG_WARN_DIRECT_OBJC_ISA_USAGE = YES_ERROR;
				CLANG_WARN_DOCUMENTATION_COMMENTS = YES;
				CLANG_WARN_EMPTY_BODY = YES;
				CLANG_WARN_ENUM_CONVERSION = YES;
				CLANG_WARN_INFINITE_RECURSION = YES;
				CLANG_WARN_INT_CONVERSION = YES;
				CLANG_WARN_NON_LITERAL_NULL_CONVERSION = YES;
				CLANG_WARN_OBJC_IMPLICIT_RETAIN_SELF = YES;
				CLANG_WARN_OBJC_LITERAL_CONVERSION = YES;
				CLANG_WARN_OBJC_ROOT_CLASS = YES_ERROR;
				CLANG_WARN_RANGE_LOOP_ANALYSIS = YES;
				CLANG_WARN_STRICT_PROTOTYPES = YES;
				CLANG_WARN_SUSPICIOUS_MOVE = YES;
				CLANG_WARN_UNGUARDED_AVAILABILITY = YES_AGGRESSIVE;
				CLANG_WARN_UNREACHABLE_CODE = YES;
				CLANG_WARN__DUPLICATE_METHOD_MATCH = YES;
				CODE_SIGN_IDENTITY = "iPhone Developer";
				COPY_PHASE_STRIP = NO;
				DEBUG_INFORMATION_FORMAT = "dwarf-with-dsym";
				ENABLE_NS_ASSERTIONS = NO;
				ENABLE_STRICT_OBJC_MSGSEND = YES;
				GCC_C_LANGUAGE_STANDARD = gnu11;
				GCC_NO_COMMON_BLOCKS = YES;
				GCC_WARN_64_TO_32_BIT_CONVERSION = YES;
				GCC_WARN_ABOUT_RETURN_TYPE = YES_ERROR;
				GCC_WARN_UNDECLARED_SELECTOR = YES;
				GCC_WARN_UNINITIALIZED_AUTOS = YES_AGGRESSIVE;
				GCC_WARN_UNUSED_FUNCTION = YES;
				GCC_WARN_UNUSED_VARIABLE = YES;
				IPHONEOS_DEPLOYMENT_TARGET = 12.1;
				MTL_ENABLE_DEBUG_INFO = NO;
				MTL_FAST_MATH = YES;
				SDKROOT = iphoneos;
				SWIFT_COMPILATION_MODE = wholemodule;
				SWIFT_OPTIMIZATION_LEVEL = "-O";
				VALIDATE_PRODUCT = YES;
			};
			name = Release;
		};
		2E7C63CF21E1ED5400001221 /* Debug */ = {
			isa = XCBuildConfiguration;
			baseConfigurationReference = 3E1E4614B674358200DCD94B /* Pods-CloudDocScanner.debug.xcconfig */;
			buildSettings = {
				ASSETCATALOG_COMPILER_APPICON_NAME = AppIcon;
				CODE_SIGN_IDENTITY = "iPhone Developer";
				CODE_SIGN_STYLE = Automatic;
				DEVELOPMENT_TEAM = 2C486V6N7S;
				INFOPLIST_FILE = CloudDocScanner/Info.plist;
				LD_RUNPATH_SEARCH_PATHS = (
					"$(inherited)",
					"@executable_path/Frameworks",
				);
				PRODUCT_BUNDLE_IDENTIFIER = com.bildas.CloudDocScanner;
				PRODUCT_NAME = "$(TARGET_NAME)";
				PROVISIONING_PROFILE_SPECIFIER = "";
				SWIFT_VERSION = 4.2;
				TARGETED_DEVICE_FAMILY = "1,2";
			};
			name = Debug;
		};
		2E7C63D021E1ED5400001221 /* Release */ = {
			isa = XCBuildConfiguration;
			baseConfigurationReference = 03CF2DD070CB008E8EE7D788 /* Pods-CloudDocScanner.release.xcconfig */;
			buildSettings = {
				ASSETCATALOG_COMPILER_APPICON_NAME = AppIcon;
				CODE_SIGN_IDENTITY = "iPhone Developer";
				CODE_SIGN_STYLE = Automatic;
				DEVELOPMENT_TEAM = 2C486V6N7S;
				INFOPLIST_FILE = CloudDocScanner/Info.plist;
				LD_RUNPATH_SEARCH_PATHS = (
					"$(inherited)",
					"@executable_path/Frameworks",
				);
				PRODUCT_BUNDLE_IDENTIFIER = com.bildas.CloudDocScanner;
				PRODUCT_NAME = "$(TARGET_NAME)";
				PROVISIONING_PROFILE_SPECIFIER = "";
				SWIFT_VERSION = 4.2;
				TARGETED_DEVICE_FAMILY = "1,2";
			};
			name = Release;
		};
		2E7C63D221E1ED5400001221 /* Debug */ = {
			isa = XCBuildConfiguration;
			baseConfigurationReference = A5F362443943DD70A12FB2FE /* Pods-CloudDocScannerTests.debug.xcconfig */;
			buildSettings = {
				ALWAYS_EMBED_SWIFT_STANDARD_LIBRARIES = YES;
				BUNDLE_LOADER = "$(TEST_HOST)";
				CODE_SIGN_STYLE = Automatic;
				DEVELOPMENT_TEAM = HAUJ6CS5ZK;
				INFOPLIST_FILE = CloudDocScannerTests/Info.plist;
				LD_RUNPATH_SEARCH_PATHS = (
					"$(inherited)",
					"@executable_path/Frameworks",
					"@loader_path/Frameworks",
				);
				PRODUCT_BUNDLE_IDENTIFIER = com.bildas.CloudDocScannerTests;
				PRODUCT_NAME = "$(TARGET_NAME)";
				SWIFT_VERSION = 4.2;
				TARGETED_DEVICE_FAMILY = "1,2";
				TEST_HOST = "$(BUILT_PRODUCTS_DIR)/CloudDocScanner.app/CloudDocScanner";
			};
			name = Debug;
		};
		2E7C63D321E1ED5400001221 /* Release */ = {
			isa = XCBuildConfiguration;
			baseConfigurationReference = 8549395FAADAEF8FAF2BCD8D /* Pods-CloudDocScannerTests.release.xcconfig */;
			buildSettings = {
				ALWAYS_EMBED_SWIFT_STANDARD_LIBRARIES = YES;
				BUNDLE_LOADER = "$(TEST_HOST)";
				CODE_SIGN_STYLE = Automatic;
				DEVELOPMENT_TEAM = HAUJ6CS5ZK;
				INFOPLIST_FILE = CloudDocScannerTests/Info.plist;
				LD_RUNPATH_SEARCH_PATHS = (
					"$(inherited)",
					"@executable_path/Frameworks",
					"@loader_path/Frameworks",
				);
				PRODUCT_BUNDLE_IDENTIFIER = com.bildas.CloudDocScannerTests;
				PRODUCT_NAME = "$(TARGET_NAME)";
				SWIFT_VERSION = 4.2;
				TARGETED_DEVICE_FAMILY = "1,2";
				TEST_HOST = "$(BUILT_PRODUCTS_DIR)/CloudDocScanner.app/CloudDocScanner";
			};
			name = Release;
		};
		2E7C63D521E1ED5400001221 /* Debug */ = {
			isa = XCBuildConfiguration;
			baseConfigurationReference = AC81B66095D513AB69B3F864 /* Pods-CloudDocScannerUITests.debug.xcconfig */;
			buildSettings = {
				ALWAYS_EMBED_SWIFT_STANDARD_LIBRARIES = YES;
				CODE_SIGN_STYLE = Automatic;
				DEVELOPMENT_TEAM = HAUJ6CS5ZK;
				INFOPLIST_FILE = CloudDocScannerUITests/Info.plist;
				LD_RUNPATH_SEARCH_PATHS = (
					"$(inherited)",
					"@executable_path/Frameworks",
					"@loader_path/Frameworks",
				);
				PRODUCT_BUNDLE_IDENTIFIER = com.bildas.CloudDocScannerUITests;
				PRODUCT_NAME = "$(TARGET_NAME)";
				SWIFT_VERSION = 4.2;
				TARGETED_DEVICE_FAMILY = "1,2";
				TEST_TARGET_NAME = CloudDocScanner;
			};
			name = Debug;
		};
		2E7C63D621E1ED5400001221 /* Release */ = {
			isa = XCBuildConfiguration;
			baseConfigurationReference = 621FE400963687CBD435DC54 /* Pods-CloudDocScannerUITests.release.xcconfig */;
			buildSettings = {
				ALWAYS_EMBED_SWIFT_STANDARD_LIBRARIES = YES;
				CODE_SIGN_STYLE = Automatic;
				DEVELOPMENT_TEAM = HAUJ6CS5ZK;
				INFOPLIST_FILE = CloudDocScannerUITests/Info.plist;
				LD_RUNPATH_SEARCH_PATHS = (
					"$(inherited)",
					"@executable_path/Frameworks",
					"@loader_path/Frameworks",
				);
				PRODUCT_BUNDLE_IDENTIFIER = com.bildas.CloudDocScannerUITests;
				PRODUCT_NAME = "$(TARGET_NAME)";
				SWIFT_VERSION = 4.2;
				TARGETED_DEVICE_FAMILY = "1,2";
				TEST_TARGET_NAME = CloudDocScanner;
			};
			name = Release;
		};
/* End XCBuildConfiguration section */

/* Begin XCConfigurationList section */
		2E7C63A121E1ED5200001221 /* Build configuration list for PBXProject "CloudDocScanner" */ = {
			isa = XCConfigurationList;
			buildConfigurations = (
				2E7C63CC21E1ED5400001221 /* Debug */,
				2E7C63CD21E1ED5400001221 /* Release */,
			);
			defaultConfigurationIsVisible = 0;
			defaultConfigurationName = Release;
		};
		2E7C63CE21E1ED5400001221 /* Build configuration list for PBXNativeTarget "CloudDocScanner" */ = {
			isa = XCConfigurationList;
			buildConfigurations = (
				2E7C63CF21E1ED5400001221 /* Debug */,
				2E7C63D021E1ED5400001221 /* Release */,
			);
			defaultConfigurationIsVisible = 0;
			defaultConfigurationName = Release;
		};
		2E7C63D121E1ED5400001221 /* Build configuration list for PBXNativeTarget "CloudDocScannerTests" */ = {
			isa = XCConfigurationList;
			buildConfigurations = (
				2E7C63D221E1ED5400001221 /* Debug */,
				2E7C63D321E1ED5400001221 /* Release */,
			);
			defaultConfigurationIsVisible = 0;
			defaultConfigurationName = Release;
		};
		2E7C63D421E1ED5400001221 /* Build configuration list for PBXNativeTarget "CloudDocScannerUITests" */ = {
			isa = XCConfigurationList;
			buildConfigurations = (
				2E7C63D521E1ED5400001221 /* Debug */,
				2E7C63D621E1ED5400001221 /* Release */,
			);
			defaultConfigurationIsVisible = 0;
			defaultConfigurationName = Release;
		};
/* End XCConfigurationList section */
	};
	rootObject = 2E7C639E21E1ED5200001221 /* Project object */;
}
